
Microsoft Visual Studio Solution File, Format Version 12.00
# Visual Studio 15
VisualStudioVersion = 15.0.28307.572
MinimumVisualStudioVersion = 10.0.40219.1
Project("{FAE04EC0-301F-11D3-BF4B-00C04F79EFBC}") = "Client", "Client.csproj", "{729CA641-1417-4029-B2F7-3BC1569B0E09}"
EndProject
Global
	GlobalSection(SolutionConfigurationPlatforms) = preSolution
		Debug|Any CPU = Debug|Any CPU
		Release|Any CPU = Release|Any CPU
	EndGlobalSection
	GlobalSection(ProjectConfigurationPlatforms) = postSolution
		{729CA641-1417-4029-B2F7-3BC1569B0E09}.Debug|Any CPU.ActiveCfg = Debug|Any CPU
		{729CA641-1417-4029-B2F7-3BC1569B0E09}.Debug|Any CPU.Build.0 = Debug|Any CPU
		{729CA641-1417-4029-B2F7-3BC1569B0E09}.Release|Any CPU.ActiveCfg = Release|Any CPU
		{729CA641-1417-4029-B2F7-3BC1569B0E09}.Release|Any CPU.Build.0 = Release|Any CPU
	EndGlobalSection
	GlobalSection(SolutionProperties) = preSolution
		HideSolutionNode = FALSE
	EndGlobalSection
	GlobalSection(ExtensibilityGlobals) = postSolution
		SolutionGuid = {CCC977BF-1289-4EC1-8FA5-C2244B0BEE16}
	EndGlobalSection
EndGlobal
